
Microsoft Visual Studio Solution File, Format Version 12.00
# Visual Studio 15
VisualStudioVersion = 15.0.26730.16
MinimumVisualStudioVersion = 10.0.40219.1
Project("{FAE04EC0-301F-11D3-BF4B-00C04F79EFBC}") = "shadowsocks-csharp", "shadowsocks-csharp\shadowsocks-csharp.csproj", "{84529DA0-A4B4-4258-A1C6-26E093170C5C}"
EndProject
Project("{FAE04EC0-301F-11D3-BF4B-00C04F79EFBC}") = "MaterialSkin", "MaterialSkin\MaterialSkin.csproj", "{8EB7611B-68CD-4B8B-987A-11717E2B250C}"
EndProject
Global
	GlobalSection(SolutionConfigurationPlatforms) = preSolution
		Debug|Any CPU = Debug|Any CPU
		Debug|x86 = Debug|x86
		Release|Any CPU = Release|Any CPU
		Release|x86 = Release|x86
	EndGlobalSection
	GlobalSection(ProjectConfigurationPlatforms) = postSolution
		{84529DA0-A4B4-4258-A1C6-26E093170C5C}.Debug|Any CPU.ActiveCfg = Debug|Any CPU
		{84529DA0-A4B4-4258-A1C6-26E093170C5C}.Debug|Any CPU.Build.0 = Debug|Any CPU
		{84529DA0-A4B4-4258-A1C6-26E093170C5C}.Debug|x86.ActiveCfg = Debug|x86
		{84529DA0-A4B4-4258-A1C6-26E093170C5C}.Debug|x86.Build.0 = Debug|x86
		{84529DA0-A4B4-4258-A1C6-26E093170C5C}.Release|Any CPU.ActiveCfg = Release|Any CPU
		{84529DA0-A4B4-4258-A1C6-26E093170C5C}.Release|Any CPU.Build.0 = Release|Any CPU
		{84529DA0-A4B4-4258-A1C6-26E093170C5C}.Release|x86.ActiveCfg = Release|x86
		{84529DA0-A4B4-4258-A1C6-26E093170C5C}.Release|x86.Build.0 = Release|x86
		{8EB7611B-68CD-4B8B-987A-11717E2B250C}.Debug|Any CPU.ActiveCfg = Debug|Any CPU
		{8EB7611B-68CD-4B8B-987A-11717E2B250C}.Debug|Any CPU.Build.0 = Debug|Any CPU
		{8EB7611B-68CD-4B8B-987A-11717E2B250C}.Debug|x86.ActiveCfg = Debug|x86
		{8EB7611B-68CD-4B8B-987A-11717E2B250C}.Debug|x86.Build.0 = Debug|x86
		{8EB7611B-68CD-4B8B-987A-11717E2B250C}.Release|Any CPU.ActiveCfg = Release|Any CPU
		{8EB7611B-68CD-4B8B-987A-11717E2B250C}.Release|Any CPU.Build.0 = Release|Any CPU
		{8EB7611B-68CD-4B8B-987A-11717E2B250C}.Release|x86.ActiveCfg = Release|x86
		{8EB7611B-68CD-4B8B-987A-11717E2B250C}.Release|x86.Build.0 = Release|x86
	EndGlobalSection
	GlobalSection(SolutionProperties) = preSolution
		HideSolutionNode = FALSE
	EndGlobalSection
	GlobalSection(ExtensibilityGlobals) = postSolution
		SolutionGuid = {C0AC34BD-C17F-4E5A-9D96-A9BB6F036613}
	EndGlobalSection
EndGlobal
